// !$*UTF8*$!
{
	archiveVersion = 1;
	classes = {
	};
	objectVersion = 55;
	objects = {

/* Begin PBXBuildFile section */
		0E266339284EEBAC00958370 /* AppDelegate.swift in Sources */ = {isa = PBXBuildFile; fileRef = 0E266338284EEBAC00958370 /* AppDelegate.swift */; };
		0E26633B284EEBAC00958370 /* SceneDelegate.swift in Sources */ = {isa = PBXBuildFile; fileRef = 0E26633A284EEBAC00958370 /* SceneDelegate.swift */; };
		0E266340284EEBAC00958370 /* Main.storyboard in Resources */ = {isa = PBXBuildFile; fileRef = 0E26633E284EEBAC00958370 /* Main.storyboard */; };
		0E266342284EEBAD00958370 /* Assets.xcassets in Resources */ = {isa = PBXBuildFile; fileRef = 0E266341284EEBAD00958370 /* Assets.xcassets */; };
		0E266345284EEBAD00958370 /* LaunchScreen.storyboard in Resources */ = {isa = PBXBuildFile; fileRef = 0E266343284EEBAD00958370 /* LaunchScreen.storyboard */; };
		0E8745A72859ABE80038B4BB /* AddChildController.swift in Sources */ = {isa = PBXBuildFile; fileRef = 0E8745A32859ABE80038B4BB /* AddChildController.swift */; };
		0E8745A82859ABE80038B4BB /* EditChildController.swift in Sources */ = {isa = PBXBuildFile; fileRef = 0E8745A42859ABE80038B4BB /* EditChildController.swift */; };
		0E8745A92859ABE80038B4BB /* AddHabitController.swift in Sources */ = {isa = PBXBuildFile; fileRef = 0E8745A62859ABE80038B4BB /* AddHabitController.swift */; };
		0E8745B12859C1060038B4BB /* Extensions.swift in Sources */ = {isa = PBXBuildFile; fileRef = 0E8745B02859C1060038B4BB /* Extensions.swift */; };
		0E8745B32859C15A0038B4BB /* RadioButton.swift in Sources */ = {isa = PBXBuildFile; fileRef = 0E8745B22859C15A0038B4BB /* RadioButton.swift */; };
		0E8745B52859C17A0038B4BB /* RewardController.swift in Sources */ = {isa = PBXBuildFile; fileRef = 0E8745B42859C17A0038B4BB /* RewardController.swift */; };
		0E9803FC2862CAC9002D92CA /* CustomAlert.swift in Sources */ = {isa = PBXBuildFile; fileRef = 0E9803FB2862CAC9002D92CA /* CustomAlert.swift */; };
		0EDF458A28647B17004A7251 /* NavigationManager.swift in Sources */ = {isa = PBXBuildFile; fileRef = 0EDF458928647B17004A7251 /* NavigationManager.swift */; };
		0EDF458C28647BE0004A7251 /* LoadingViewController.swift in Sources */ = {isa = PBXBuildFile; fileRef = 0EDF458B28647BE0004A7251 /* LoadingViewController.swift */; };
		0EDF458F28647D7D004A7251 /* OnboardingManager.swift in Sources */ = {isa = PBXBuildFile; fileRef = 0EDF458E28647D7D004A7251 /* OnboardingManager.swift */; };
		0EF31C23285AD14100E82F92 /* Reward.swift in Sources */ = {isa = PBXBuildFile; fileRef = 0EF31C22285AD14100E82F92 /* Reward.swift */; };
		0EF31C25285AD17400E82F92 /* RewardCell.swift in Sources */ = {isa = PBXBuildFile; fileRef = 0EF31C24285AD17400E82F92 /* RewardCell.swift */; };
		0EF31C27285AD1DE00E82F92 /* ProgressView.swift in Sources */ = {isa = PBXBuildFile; fileRef = 0EF31C26285AD1DE00E82F92 /* ProgressView.swift */; };
		0EF31C2B285AD23C00E82F92 /* RewardView.swift in Sources */ = {isa = PBXBuildFile; fileRef = 0EF31C2A285AD23C00E82F92 /* RewardView.swift */; };
		0EFE8DD52859A63E00C1A4B8 /* ProfileController.swift in Sources */ = {isa = PBXBuildFile; fileRef = 0EFE8DCD2859A63E00C1A4B8 /* ProfileController.swift */; };
		0EFE8DD72859A63E00C1A4B8 /* TaskController.swift in Sources */ = {isa = PBXBuildFile; fileRef = 0EFE8DCF2859A63E00C1A4B8 /* TaskController.swift */; };
		0EFE8DD82859A63E00C1A4B8 /* OnboardingViewContainer.swift in Sources */ = {isa = PBXBuildFile; fileRef = 0EFE8DD12859A63E00C1A4B8 /* OnboardingViewContainer.swift */; };
		0EFE8DD92859A63E00C1A4B8 /* OnboardingViewController.swift in Sources */ = {isa = PBXBuildFile; fileRef = 0EFE8DD22859A63E00C1A4B8 /* OnboardingViewController.swift */; };
		0EFE8DDA2859A63E00C1A4B8 /* CircularXPView.swift in Sources */ = {isa = PBXBuildFile; fileRef = 0EFE8DD42859A63E00C1A4B8 /* CircularXPView.swift */; };
		8314505A2852BC7E00CAE05E /* RegisterCardView.swift in Sources */ = {isa = PBXBuildFile; fileRef = 831450592852BC7E00CAE05E /* RegisterCardView.swift */; };
		83345E0B2851E4B100A13B53 /* MainController.swift in Sources */ = {isa = PBXBuildFile; fileRef = 83345E0A2851E4B100A13B53 /* MainController.swift */; };
		83345E0F2851E4FA00A13B53 /* LoginController.swift in Sources */ = {isa = PBXBuildFile; fileRef = 83345E0E2851E4FA00A13B53 /* LoginController.swift */; };
		83345E112851E50300A13B53 /* RegistrationController.swift in Sources */ = {isa = PBXBuildFile; fileRef = 83345E102851E50300A13B53 /* RegistrationController.swift */; };
		83345E1D2851E62700A13B53 /* Utilities.swift in Sources */ = {isa = PBXBuildFile; fileRef = 83345E1C2851E62700A13B53 /* Utilities.swift */; };
		83345E1F2851E6F100A13B53 /* LoginCardView.swift in Sources */ = {isa = PBXBuildFile; fileRef = 83345E1E2851E6F100A13B53 /* LoginCardView.swift */; };
		83345E232851EB0F00A13B53 /* Poppins-Regular.ttf in Resources */ = {isa = PBXBuildFile; fileRef = 83345E202851EB0F00A13B53 /* Poppins-Regular.ttf */; };
		83345E242851EB0F00A13B53 /* Poppins-Bold.ttf in Resources */ = {isa = PBXBuildFile; fileRef = 83345E212851EB0F00A13B53 /* Poppins-Bold.ttf */; };
		83345E252851EB0F00A13B53 /* Poppins-SemiBold.ttf in Resources */ = {isa = PBXBuildFile; fileRef = 83345E222851EB0F00A13B53 /* Poppins-SemiBold.ttf */; };
		83345E272851F57400A13B53 /* AuthenticationViewModel.swift in Sources */ = {isa = PBXBuildFile; fileRef = 83345E262851F57400A13B53 /* AuthenticationViewModel.swift */; };
		834B6AA42860160E007D05E9 /* AuthService.swift in Sources */ = {isa = PBXBuildFile; fileRef = 834B6AA32860160E007D05E9 /* AuthService.swift */; };
		834B6AA62860174B007D05E9 /* Constants.swift in Sources */ = {isa = PBXBuildFile; fileRef = 834B6AA52860174B007D05E9 /* Constants.swift */; };
		834D626D28571AE300F6F3C8 /* (null) in Sources */ = {isa = PBXBuildFile; };
		834D62722858430E00F6F3C8 /* (null) in Sources */ = {isa = PBXBuildFile; };
		834D6278285851C800F6F3C8 /* (null) in Sources */ = {isa = PBXBuildFile; };
		834D62A3285C35A500F6F3C8 /* FirebaseAuth in Frameworks */ = {isa = PBXBuildFile; productRef = 834D62A2285C35A500F6F3C8 /* FirebaseAuth */; };
		834D62A5285C35A500F6F3C8 /* FirebaseDatabase in Frameworks */ = {isa = PBXBuildFile; productRef = 834D62A4285C35A500F6F3C8 /* FirebaseDatabase */; };
		834D62A7285C35A500F6F3C8 /* FirebaseFirestore in Frameworks */ = {isa = PBXBuildFile; productRef = 834D62A6285C35A500F6F3C8 /* FirebaseFirestore */; };
		834D62A9285C35A500F6F3C8 /* FirebaseStorage in Frameworks */ = {isa = PBXBuildFile; productRef = 834D62A8285C35A500F6F3C8 /* FirebaseStorage */; };
		834D62AB285C362500F6F3C8 /* GoogleService-Info.plist in Resources */ = {isa = PBXBuildFile; fileRef = 834D62AA285C362500F6F3C8 /* GoogleService-Info.plist */; };
		8E9B45CA285912CC0080CC33 /* ActivityProgressView.swift in Sources */ = {isa = PBXBuildFile; fileRef = 8E9B45C9285912CC0080CC33 /* ActivityProgressView.swift */; };
		8E9B45CE285913870080CC33 /* ActivityViewCell.swift in Sources */ = {isa = PBXBuildFile; fileRef = 8E9B45CD285913870080CC33 /* ActivityViewCell.swift */; };
		8E9B45D028592CB90080CC33 /* GreetingsAndDate.swift in Sources */ = {isa = PBXBuildFile; fileRef = 8E9B45CF28592CB90080CC33 /* GreetingsAndDate.swift */; };
		8EA834B62863B2940036299F /* CellCardView.swift in Sources */ = {isa = PBXBuildFile; fileRef = 8EA834B52863B2940036299F /* CellCardView.swift */; };
		8EA834B82863B9AA0036299F /* RewardCellCardView.swift in Sources */ = {isa = PBXBuildFile; fileRef = 8EA834B72863B9AA0036299F /* RewardCellCardView.swift */; };
		8EE0DD34286039CB009A374A /* TaskProgressXPCircle.swift in Sources */ = {isa = PBXBuildFile; fileRef = 8EE0DD33286039CB009A374A /* TaskProgressXPCircle.swift */; };
		8EE0DD3628603A16009A374A /* TaskCircularXPView.swift in Sources */ = {isa = PBXBuildFile; fileRef = 8EE0DD3528603A16009A374A /* TaskCircularXPView.swift */; };
		DB61BBCA2860895D00C99615 /* AuthPopUpView.swift in Sources */ = {isa = PBXBuildFile; fileRef = DB61BBC92860895D00C99615 /* AuthPopUpView.swift */; };
		DB871EB42860205500AA3256 /* Poppins-Medium.ttf in Resources */ = {isa = PBXBuildFile; fileRef = DB871EB32860205400AA3256 /* Poppins-Medium.ttf */; };
		DBA65BDD28602F6C007F80D5 /* RewardListViewModel.swift in Sources */ = {isa = PBXBuildFile; fileRef = DBA65BDC28602F6C007F80D5 /* RewardListViewModel.swift */; };
		DBA65BE228602FB2007F80D5 /* ActivityModel.swift in Sources */ = {isa = PBXBuildFile; fileRef = DBA65BE128602FB2007F80D5 /* ActivityModel.swift */; };
/* End PBXBuildFile section */

/* Begin PBXFileReference section */
		0E266335284EEBAC00958370 /* MC2.app */ = {isa = PBXFileReference; explicitFileType = wrapper.application; includeInIndex = 0; path = MC2.app; sourceTree = BUILT_PRODUCTS_DIR; };
		0E266338284EEBAC00958370 /* AppDelegate.swift */ = {isa = PBXFileReference; lastKnownFileType = sourcecode.swift; path = AppDelegate.swift; sourceTree = "<group>"; };
		0E26633A284EEBAC00958370 /* SceneDelegate.swift */ = {isa = PBXFileReference; lastKnownFileType = sourcecode.swift; path = SceneDelegate.swift; sourceTree = "<group>"; };
		0E26633F284EEBAC00958370 /* Base */ = {isa = PBXFileReference; lastKnownFileType = file.storyboard; name = Base; path = Base.lproj/Main.storyboard; sourceTree = "<group>"; };
		0E266341284EEBAD00958370 /* Assets.xcassets */ = {isa = PBXFileReference; lastKnownFileType = folder.assetcatalog; path = Assets.xcassets; sourceTree = "<group>"; };
		0E266344284EEBAD00958370 /* Base */ = {isa = PBXFileReference; lastKnownFileType = file.storyboard; name = Base; path = Base.lproj/LaunchScreen.storyboard; sourceTree = "<group>"; };
		0E266346284EEBAD00958370 /* Info.plist */ = {isa = PBXFileReference; lastKnownFileType = text.plist.xml; path = Info.plist; sourceTree = "<group>"; };
		0E8745A32859ABE80038B4BB /* AddChildController.swift */ = {isa = PBXFileReference; fileEncoding = 4; lastKnownFileType = sourcecode.swift; path = AddChildController.swift; sourceTree = "<group>"; };
		0E8745A42859ABE80038B4BB /* EditChildController.swift */ = {isa = PBXFileReference; fileEncoding = 4; lastKnownFileType = sourcecode.swift; path = EditChildController.swift; sourceTree = "<group>"; };
		0E8745A62859ABE80038B4BB /* AddHabitController.swift */ = {isa = PBXFileReference; fileEncoding = 4; lastKnownFileType = sourcecode.swift; path = AddHabitController.swift; sourceTree = "<group>"; };
		0E8745B02859C1060038B4BB /* Extensions.swift */ = {isa = PBXFileReference; fileEncoding = 4; lastKnownFileType = sourcecode.swift; path = Extensions.swift; sourceTree = "<group>"; };
		0E8745B22859C15A0038B4BB /* RadioButton.swift */ = {isa = PBXFileReference; fileEncoding = 4; lastKnownFileType = sourcecode.swift; path = RadioButton.swift; sourceTree = "<group>"; };
		0E8745B42859C17A0038B4BB /* RewardController.swift */ = {isa = PBXFileReference; fileEncoding = 4; lastKnownFileType = sourcecode.swift; path = RewardController.swift; sourceTree = "<group>"; };
		0E9803FB2862CAC9002D92CA /* CustomAlert.swift */ = {isa = PBXFileReference; lastKnownFileType = sourcecode.swift; path = CustomAlert.swift; sourceTree = "<group>"; };
		0EDF458928647B17004A7251 /* NavigationManager.swift */ = {isa = PBXFileReference; lastKnownFileType = sourcecode.swift; path = NavigationManager.swift; sourceTree = "<group>"; };
		0EDF458B28647BE0004A7251 /* LoadingViewController.swift */ = {isa = PBXFileReference; lastKnownFileType = sourcecode.swift; path = LoadingViewController.swift; sourceTree = "<group>"; };
		0EDF458E28647D7D004A7251 /* OnboardingManager.swift */ = {isa = PBXFileReference; lastKnownFileType = sourcecode.swift; path = OnboardingManager.swift; sourceTree = "<group>"; };
		0EF31C22285AD14100E82F92 /* Reward.swift */ = {isa = PBXFileReference; lastKnownFileType = sourcecode.swift; path = Reward.swift; sourceTree = "<group>"; };
		0EF31C24285AD17400E82F92 /* RewardCell.swift */ = {isa = PBXFileReference; lastKnownFileType = sourcecode.swift; path = RewardCell.swift; sourceTree = "<group>"; };
		0EF31C26285AD1DE00E82F92 /* ProgressView.swift */ = {isa = PBXFileReference; lastKnownFileType = sourcecode.swift; path = ProgressView.swift; sourceTree = "<group>"; };
		0EF31C2A285AD23C00E82F92 /* RewardView.swift */ = {isa = PBXFileReference; lastKnownFileType = sourcecode.swift; path = RewardView.swift; sourceTree = "<group>"; };
		0EFE8DCD2859A63E00C1A4B8 /* ProfileController.swift */ = {isa = PBXFileReference; fileEncoding = 4; lastKnownFileType = sourcecode.swift; path = ProfileController.swift; sourceTree = "<group>"; };
		0EFE8DCF2859A63E00C1A4B8 /* TaskController.swift */ = {isa = PBXFileReference; fileEncoding = 4; lastKnownFileType = sourcecode.swift; path = TaskController.swift; sourceTree = "<group>"; };
		0EFE8DD12859A63E00C1A4B8 /* OnboardingViewContainer.swift */ = {isa = PBXFileReference; fileEncoding = 4; lastKnownFileType = sourcecode.swift; path = OnboardingViewContainer.swift; sourceTree = "<group>"; };
		0EFE8DD22859A63E00C1A4B8 /* OnboardingViewController.swift */ = {isa = PBXFileReference; fileEncoding = 4; lastKnownFileType = sourcecode.swift; path = OnboardingViewController.swift; sourceTree = "<group>"; };
		0EFE8DD42859A63E00C1A4B8 /* CircularXPView.swift */ = {isa = PBXFileReference; fileEncoding = 4; lastKnownFileType = sourcecode.swift; path = CircularXPView.swift; sourceTree = "<group>"; };
		831450592852BC7E00CAE05E /* RegisterCardView.swift */ = {isa = PBXFileReference; lastKnownFileType = sourcecode.swift; path = RegisterCardView.swift; sourceTree = "<group>"; };
		83345E0A2851E4B100A13B53 /* MainController.swift */ = {isa = PBXFileReference; lastKnownFileType = sourcecode.swift; path = MainController.swift; sourceTree = "<group>"; };
		83345E0E2851E4FA00A13B53 /* LoginController.swift */ = {isa = PBXFileReference; lastKnownFileType = sourcecode.swift; path = LoginController.swift; sourceTree = "<group>"; };
		83345E102851E50300A13B53 /* RegistrationController.swift */ = {isa = PBXFileReference; lastKnownFileType = sourcecode.swift; path = RegistrationController.swift; sourceTree = "<group>"; };
		83345E1C2851E62700A13B53 /* Utilities.swift */ = {isa = PBXFileReference; lastKnownFileType = sourcecode.swift; path = Utilities.swift; sourceTree = "<group>"; };
		83345E1E2851E6F100A13B53 /* LoginCardView.swift */ = {isa = PBXFileReference; lastKnownFileType = sourcecode.swift; path = LoginCardView.swift; sourceTree = "<group>"; };
		83345E202851EB0F00A13B53 /* Poppins-Regular.ttf */ = {isa = PBXFileReference; lastKnownFileType = file; path = "Poppins-Regular.ttf"; sourceTree = "<group>"; };
		83345E212851EB0F00A13B53 /* Poppins-Bold.ttf */ = {isa = PBXFileReference; lastKnownFileType = file; path = "Poppins-Bold.ttf"; sourceTree = "<group>"; };
		83345E222851EB0F00A13B53 /* Poppins-SemiBold.ttf */ = {isa = PBXFileReference; lastKnownFileType = file; path = "Poppins-SemiBold.ttf"; sourceTree = "<group>"; };
		83345E262851F57400A13B53 /* AuthenticationViewModel.swift */ = {isa = PBXFileReference; lastKnownFileType = sourcecode.swift; path = AuthenticationViewModel.swift; sourceTree = "<group>"; };
		834B6AA32860160E007D05E9 /* AuthService.swift */ = {isa = PBXFileReference; lastKnownFileType = sourcecode.swift; path = AuthService.swift; sourceTree = "<group>"; };
		834B6AA52860174B007D05E9 /* Constants.swift */ = {isa = PBXFileReference; lastKnownFileType = sourcecode.swift; path = Constants.swift; sourceTree = "<group>"; };
		834D62AA285C362500F6F3C8 /* GoogleService-Info.plist */ = {isa = PBXFileReference; fileEncoding = 4; lastKnownFileType = text.plist.xml; path = "GoogleService-Info.plist"; sourceTree = "<group>"; };
		8E9B45C9285912CC0080CC33 /* ActivityProgressView.swift */ = {isa = PBXFileReference; lastKnownFileType = sourcecode.swift; path = ActivityProgressView.swift; sourceTree = "<group>"; };
		8E9B45CD285913870080CC33 /* ActivityViewCell.swift */ = {isa = PBXFileReference; lastKnownFileType = sourcecode.swift; path = ActivityViewCell.swift; sourceTree = "<group>"; };
		8E9B45CF28592CB90080CC33 /* GreetingsAndDate.swift */ = {isa = PBXFileReference; lastKnownFileType = sourcecode.swift; path = GreetingsAndDate.swift; sourceTree = "<group>"; };
		8EA834B52863B2940036299F /* CellCardView.swift */ = {isa = PBXFileReference; lastKnownFileType = sourcecode.swift; path = CellCardView.swift; sourceTree = "<group>"; };
		8EA834B72863B9AA0036299F /* RewardCellCardView.swift */ = {isa = PBXFileReference; lastKnownFileType = sourcecode.swift; path = RewardCellCardView.swift; sourceTree = "<group>"; };
		8EE0DD33286039CB009A374A /* TaskProgressXPCircle.swift */ = {isa = PBXFileReference; lastKnownFileType = sourcecode.swift; name = TaskProgressXPCircle.swift; path = "MC2/Habit list/View/TaskProgressXPCircle.swift"; sourceTree = SOURCE_ROOT; };
		8EE0DD3528603A16009A374A /* TaskCircularXPView.swift */ = {isa = PBXFileReference; lastKnownFileType = sourcecode.swift; path = TaskCircularXPView.swift; sourceTree = "<group>"; };
		DB61BBC92860895D00C99615 /* AuthPopUpView.swift */ = {isa = PBXFileReference; lastKnownFileType = sourcecode.swift; path = AuthPopUpView.swift; sourceTree = "<group>"; };
		DB871EB32860205400AA3256 /* Poppins-Medium.ttf */ = {isa = PBXFileReference; lastKnownFileType = file; path = "Poppins-Medium.ttf"; sourceTree = "<group>"; };
		DBA65BDC28602F6C007F80D5 /* RewardListViewModel.swift */ = {isa = PBXFileReference; lastKnownFileType = sourcecode.swift; path = RewardListViewModel.swift; sourceTree = "<group>"; };
		DBA65BE128602FB2007F80D5 /* ActivityModel.swift */ = {isa = PBXFileReference; fileEncoding = 4; lastKnownFileType = sourcecode.swift; path = ActivityModel.swift; sourceTree = "<group>"; };
/* End PBXFileReference section */

/* Begin PBXFrameworksBuildPhase section */
		0E266332284EEBAC00958370 /* Frameworks */ = {
			isa = PBXFrameworksBuildPhase;
			buildActionMask = 2147483647;
			files = (
				834D62A5285C35A500F6F3C8 /* FirebaseDatabase in Frameworks */,
				834D62A9285C35A500F6F3C8 /* FirebaseStorage in Frameworks */,
				834D62A3285C35A500F6F3C8 /* FirebaseAuth in Frameworks */,
				834D62A7285C35A500F6F3C8 /* FirebaseFirestore in Frameworks */,
			);
			runOnlyForDeploymentPostprocessing = 0;
		};
/* End PBXFrameworksBuildPhase section */

/* Begin PBXGroup section */
		0E26632C284EEBAC00958370 = {
			isa = PBXGroup;
			children = (
				0E266337284EEBAC00958370 /* MC2 */,
				0E266336284EEBAC00958370 /* Products */,
			);
			sourceTree = "<group>";
		};
		0E266336284EEBAC00958370 /* Products */ = {
			isa = PBXGroup;
			children = (
				0E266335284EEBAC00958370 /* MC2.app */,
			);
			name = Products;
			sourceTree = "<group>";
		};
		0E266337284EEBAC00958370 /* MC2 */ = {
			isa = PBXGroup;
			children = (
				0EF31C1E285AD0E300E82F92 /* Reward List */,
				8E9B45B628590EBA0080CC33 /* Habit List */,
				DBA65BE528602FF4007F80D5 /* Model */,
				83345E072851E44500A13B53 /* View */,
				83345E082851E44800A13B53 /* ViewModel */,
				83345E092851E45800A13B53 /* Controller */,
				834B6AA2286015FB007D05E9 /* API */,
				83345E122851E58600A13B53 /* Utils */,
				0E266338284EEBAC00958370 /* AppDelegate.swift */,
				0E26633A284EEBAC00958370 /* SceneDelegate.swift */,
				0E26633E284EEBAC00958370 /* Main.storyboard */,
				0E266341284EEBAD00958370 /* Assets.xcassets */,
				0E266343284EEBAD00958370 /* LaunchScreen.storyboard */,
				0E266346284EEBAD00958370 /* Info.plist */,
				834D62AA285C362500F6F3C8 /* GoogleService-Info.plist */,
				83345E152851E5D600A13B53 /* Fonts */,
			);
			path = MC2;
			sourceTree = "<group>";
		};
		0E8745A22859ABE80038B4BB /* Child Controllers */ = {
			isa = PBXGroup;
			children = (
				0E8745A32859ABE80038B4BB /* AddChildController.swift */,
				0E8745A42859ABE80038B4BB /* EditChildController.swift */,
			);
			path = "Child Controllers";
			sourceTree = "<group>";
		};
		0E8745A52859ABE80038B4BB /* Activity UI */ = {
			isa = PBXGroup;
			children = (
				0E8745A62859ABE80038B4BB /* AddHabitController.swift */,
			);
			path = "Activity UI";
			sourceTree = "<group>";
		};
		0EDF459128648555004A7251 /* OnboardingAuth */ = {
			isa = PBXGroup;
			children = (
				0EDF458928647B17004A7251 /* NavigationManager.swift */,
				0EDF458B28647BE0004A7251 /* LoadingViewController.swift */,
			);
			path = OnboardingAuth;
			sourceTree = "<group>";
		};
		0EF31C1E285AD0E300E82F92 /* Reward List */ = {
			isa = PBXGroup;
			children = (
				0EF31C1F285AD0FE00E82F92 /* Model */,
				0EF31C21285AD10700E82F92 /* View */,
				0EF31C20285AD10500E82F92 /* ViewModel */,
			);
			path = "Reward List";
			sourceTree = "<group>";
		};
		0EF31C1F285AD0FE00E82F92 /* Model */ = {
			isa = PBXGroup;
			children = (
				0EF31C22285AD14100E82F92 /* Reward.swift */,
			);
			path = Model;
			sourceTree = "<group>";
		};
		0EF31C20285AD10500E82F92 /* ViewModel */ = {
			isa = PBXGroup;
			children = (
				DBA65BDC28602F6C007F80D5 /* RewardListViewModel.swift */,
			);
			path = ViewModel;
			sourceTree = "<group>";
		};
		0EF31C21285AD10700E82F92 /* View */ = {
			isa = PBXGroup;
			children = (
				0EF31C24285AD17400E82F92 /* RewardCell.swift */,
				0EF31C26285AD1DE00E82F92 /* ProgressView.swift */,
				0EF31C2A285AD23C00E82F92 /* RewardView.swift */,
				0E9803FB2862CAC9002D92CA /* CustomAlert.swift */,
				8EA834B72863B9AA0036299F /* RewardCellCardView.swift */,
			);
			path = View;
			sourceTree = "<group>";
		};
		0EFE8DCC2859A63E00C1A4B8 /* Tabs */ = {
			isa = PBXGroup;
			children = (
				0EFE8DCD2859A63E00C1A4B8 /* ProfileController.swift */,
				0E8745B42859C17A0038B4BB /* RewardController.swift */,
				0EFE8DCF2859A63E00C1A4B8 /* TaskController.swift */,
			);
			path = Tabs;
			sourceTree = "<group>";
		};
		0EFE8DD02859A63E00C1A4B8 /* Onboarding */ = {
			isa = PBXGroup;
			children = (
				0EFE8DD12859A63E00C1A4B8 /* OnboardingViewContainer.swift */,
				0EFE8DD22859A63E00C1A4B8 /* OnboardingViewController.swift */,
			);
			path = Onboarding;
			sourceTree = "<group>";
		};
		0EFE8DD32859A63E00C1A4B8 /* Reusable Views */ = {
			isa = PBXGroup;
			children = (
				0EFE8DD42859A63E00C1A4B8 /* CircularXPView.swift */,
				8EE0DD3528603A16009A374A /* TaskCircularXPView.swift */,
			);
			path = "Reusable Views";
			sourceTree = "<group>";
		};
		8314505B2852BD0200CAE05E /* AuthenticationView */ = {
			isa = PBXGroup;
			children = (
				83345E1E2851E6F100A13B53 /* LoginCardView.swift */,
				831450592852BC7E00CAE05E /* RegisterCardView.swift */,
			);
			path = AuthenticationView;
			sourceTree = "<group>";
		};
		83345E072851E44500A13B53 /* View */ = {
			isa = PBXGroup;
			children = (
				8314505B2852BD0200CAE05E /* AuthenticationView */,
			);
			path = View;
			sourceTree = "<group>";
		};
		83345E082851E44800A13B53 /* ViewModel */ = {
			isa = PBXGroup;
			children = (
				83345E262851F57400A13B53 /* AuthenticationViewModel.swift */,
			);
			path = ViewModel;
			sourceTree = "<group>";
		};
		83345E092851E45800A13B53 /* Controller */ = {
			isa = PBXGroup;
			children = (
				0E8745A52859ABE80038B4BB /* Activity UI */,
				0E8745A22859ABE80038B4BB /* Child Controllers */,
				0EFE8DD02859A63E00C1A4B8 /* Onboarding */,
				0EFE8DD32859A63E00C1A4B8 /* Reusable Views */,
				0EFE8DCC2859A63E00C1A4B8 /* Tabs */,
				83345E0C2851E4EF00A13B53 /* Authentication */,
				83345E0A2851E4B100A13B53 /* MainController.swift */,
			);
			path = Controller;
			sourceTree = "<group>";
		};
		83345E0C2851E4EF00A13B53 /* Authentication */ = {
			isa = PBXGroup;
			children = (
				83345E0E2851E4FA00A13B53 /* LoginController.swift */,
				83345E102851E50300A13B53 /* RegistrationController.swift */,
				DB61BBC92860895D00C99615 /* AuthPopUpView.swift */,
			);
			path = Authentication;
			sourceTree = "<group>";
		};
		83345E122851E58600A13B53 /* Utils */ = {
			isa = PBXGroup;
			children = (
				0EDF459128648555004A7251 /* OnboardingAuth */,
				0E8745B22859C15A0038B4BB /* RadioButton.swift */,
				0EDF458E28647D7D004A7251 /* OnboardingManager.swift */,
				0E8745B02859C1060038B4BB /* Extensions.swift */,
				83345E1C2851E62700A13B53 /* Utilities.swift */,
				834B6AA52860174B007D05E9 /* Constants.swift */,
			);
			path = Utils;
			sourceTree = "<group>";
		};
		83345E152851E5D600A13B53 /* Fonts */ = {
			isa = PBXGroup;
			children = (
				83345E212851EB0F00A13B53 /* Poppins-Bold.ttf */,
				83345E202851EB0F00A13B53 /* Poppins-Regular.ttf */,
				83345E222851EB0F00A13B53 /* Poppins-SemiBold.ttf */,
				DB871EB32860205400AA3256 /* Poppins-Medium.ttf */,
			);
			path = Fonts;
			sourceTree = "<group>";
		};
		834B6AA2286015FB007D05E9 /* API */ = {
			isa = PBXGroup;
			children = (
				834B6AA32860160E007D05E9 /* AuthService.swift */,
			);
			path = API;
			sourceTree = "<group>";
		};
		8E9B45B628590EBA0080CC33 /* Habit List */ = {
			isa = PBXGroup;
			children = (
				DBA65BE028602FB2007F80D5 /* Model */,
				8E9B45BB28590EF60080CC33 /* View */,
				8E9B45BA28590EF40080CC33 /* ViewModel */,
			);
			path = "Habit List";
			sourceTree = "<group>";
		};
		8E9B45BA28590EF40080CC33 /* ViewModel */ = {
			isa = PBXGroup;
			children = (
			);
			path = ViewModel;
			sourceTree = "<group>";
		};
		8E9B45BB28590EF60080CC33 /* View */ = {
			isa = PBXGroup;
			children = (
				8E9B45C9285912CC0080CC33 /* ActivityProgressView.swift */,
				8E9B45CD285913870080CC33 /* ActivityViewCell.swift */,
				8E9B45CF28592CB90080CC33 /* GreetingsAndDate.swift */,
				8EE0DD33286039CB009A374A /* TaskProgressXPCircle.swift */,
				8EA834B52863B2940036299F /* CellCardView.swift */,
			);
			path = View;
			sourceTree = "<group>";
		};
		DBA65BE028602FB2007F80D5 /* Model */ = {
			isa = PBXGroup;
			children = (
				DBA65BE128602FB2007F80D5 /* ActivityModel.swift */,
			);
			name = Model;
			path = "MC2/Habit list/Model";
			sourceTree = SOURCE_ROOT;
		};
		DBA65BE528602FF4007F80D5 /* Model */ = {
			isa = PBXGroup;
			children = (
			);
			path = Model;
			sourceTree = "<group>";
		};
/* End PBXGroup section */

/* Begin PBXNativeTarget section */
		0E266334284EEBAC00958370 /* MC2 */ = {
			isa = PBXNativeTarget;
			buildConfigurationList = 0E266349284EEBAD00958370 /* Build configuration list for PBXNativeTarget "MC2" */;
			buildPhases = (
				0E266331284EEBAC00958370 /* Sources */,
				0E266332284EEBAC00958370 /* Frameworks */,
				0E266333284EEBAC00958370 /* Resources */,
			);
			buildRules = (
			);
			dependencies = (
			);
			name = MC2;
			packageProductDependencies = (
				834D62A2285C35A500F6F3C8 /* FirebaseAuth */,
				834D62A4285C35A500F6F3C8 /* FirebaseDatabase */,
				834D62A6285C35A500F6F3C8 /* FirebaseFirestore */,
				834D62A8285C35A500F6F3C8 /* FirebaseStorage */,
			);
			productName = MC2;
			productReference = 0E266335284EEBAC00958370 /* MC2.app */;
			productType = "com.apple.product-type.application";
		};
/* End PBXNativeTarget section */

/* Begin PBXProject section */
		0E26632D284EEBAC00958370 /* Project object */ = {
			isa = PBXProject;
			attributes = {
				BuildIndependentTargetsInParallel = 1;
				LastSwiftUpdateCheck = 1340;
				LastUpgradeCheck = 1340;
				TargetAttributes = {
					0E266334284EEBAC00958370 = {
						CreatedOnToolsVersion = 13.4.1;
					};
				};
			};
			buildConfigurationList = 0E266330284EEBAC00958370 /* Build configuration list for PBXProject "MC2" */;
			compatibilityVersion = "Xcode 13.0";
			developmentRegion = en;
			hasScannedForEncodings = 0;
			knownRegions = (
				en,
				Base,
			);
			mainGroup = 0E26632C284EEBAC00958370;
			packageReferences = (
				834D62A1285C35A500F6F3C8 /* XCRemoteSwiftPackageReference "firebase-ios-sdk" */,
			);
			productRefGroup = 0E266336284EEBAC00958370 /* Products */;
			projectDirPath = "";
			projectRoot = "";
			targets = (
				0E266334284EEBAC00958370 /* MC2 */,
			);
		};
/* End PBXProject section */

/* Begin PBXResourcesBuildPhase section */
		0E266333284EEBAC00958370 /* Resources */ = {
			isa = PBXResourcesBuildPhase;
			buildActionMask = 2147483647;
			files = (
				0E266345284EEBAD00958370 /* LaunchScreen.storyboard in Resources */,
				0E266342284EEBAD00958370 /* Assets.xcassets in Resources */,
				83345E242851EB0F00A13B53 /* Poppins-Bold.ttf in Resources */,
				83345E252851EB0F00A13B53 /* Poppins-SemiBold.ttf in Resources */,
				0E266340284EEBAC00958370 /* Main.storyboard in Resources */,
				DB871EB42860205500AA3256 /* Poppins-Medium.ttf in Resources */,
				83345E232851EB0F00A13B53 /* Poppins-Regular.ttf in Resources */,
				834D62AB285C362500F6F3C8 /* GoogleService-Info.plist in Resources */,
			);
			runOnlyForDeploymentPostprocessing = 0;
		};
/* End PBXResourcesBuildPhase section */

/* Begin PBXSourcesBuildPhase section */
		0E266331284EEBAC00958370 /* Sources */ = {
			isa = PBXSourcesBuildPhase;
			buildActionMask = 2147483647;
			files = (
				0EFE8DD82859A63E00C1A4B8 /* OnboardingViewContainer.swift in Sources */,
				834B6AA62860174B007D05E9 /* Constants.swift in Sources */,
				834D626D28571AE300F6F3C8 /* (null) in Sources */,
				8EA834B82863B9AA0036299F /* RewardCellCardView.swift in Sources */,
				834D6278285851C800F6F3C8 /* (null) in Sources */,
				0E266339284EEBAC00958370 /* AppDelegate.swift in Sources */,
				DBA65BE228602FB2007F80D5 /* ActivityModel.swift in Sources */,
				0EF31C23285AD14100E82F92 /* Reward.swift in Sources */,
				0EF31C25285AD17400E82F92 /* RewardCell.swift in Sources */,
				834D62722858430E00F6F3C8 /* (null) in Sources */,
				0EFE8DD72859A63E00C1A4B8 /* TaskController.swift in Sources */,
				8EA834B62863B2940036299F /* CellCardView.swift in Sources */,
				8314505A2852BC7E00CAE05E /* RegisterCardView.swift in Sources */,
				0EFE8DDA2859A63E00C1A4B8 /* CircularXPView.swift in Sources */,
				0EFE8DD92859A63E00C1A4B8 /* OnboardingViewController.swift in Sources */,
				8EE0DD3628603A16009A374A /* TaskCircularXPView.swift in Sources */,
				0E8745A72859ABE80038B4BB /* AddChildController.swift in Sources */,
				8E9B45CA285912CC0080CC33 /* ActivityProgressView.swift in Sources */,
				83345E1D2851E62700A13B53 /* Utilities.swift in Sources */,
				0EFE8DD52859A63E00C1A4B8 /* ProfileController.swift in Sources */,
				83345E0F2851E4FA00A13B53 /* LoginController.swift in Sources */,
				0E8745B32859C15A0038B4BB /* RadioButton.swift in Sources */,
				83345E0B2851E4B100A13B53 /* MainController.swift in Sources */,
				0E8745A82859ABE80038B4BB /* EditChildController.swift in Sources */,
				0EF31C2B285AD23C00E82F92 /* RewardView.swift in Sources */,
				DBA65BDD28602F6C007F80D5 /* RewardListViewModel.swift in Sources */,
				83345E112851E50300A13B53 /* RegistrationController.swift in Sources */,
				0EDF458F28647D7D004A7251 /* OnboardingManager.swift in Sources */,
				8E9B45D028592CB90080CC33 /* GreetingsAndDate.swift in Sources */,
				0E8745B52859C17A0038B4BB /* RewardController.swift in Sources */,
				0EDF458A28647B17004A7251 /* NavigationManager.swift in Sources */,
				8E9B45CE285913870080CC33 /* ActivityViewCell.swift in Sources */,
				83345E272851F57400A13B53 /* AuthenticationViewModel.swift in Sources */,
				834B6AA42860160E007D05E9 /* AuthService.swift in Sources */,
				83345E1F2851E6F100A13B53 /* LoginCardView.swift in Sources */,
				8EE0DD34286039CB009A374A /* TaskProgressXPCircle.swift in Sources */,
				0EDF458C28647BE0004A7251 /* LoadingViewController.swift in Sources */,
				DB61BBCA2860895D00C99615 /* AuthPopUpView.swift in Sources */,
				0E8745A92859ABE80038B4BB /* AddHabitController.swift in Sources */,
				0EF31C27285AD1DE00E82F92 /* ProgressView.swift in Sources */,
				0E9803FC2862CAC9002D92CA /* CustomAlert.swift in Sources */,
				0E26633B284EEBAC00958370 /* SceneDelegate.swift in Sources */,
				0E8745B12859C1060038B4BB /* Extensions.swift in Sources */,
			);
			runOnlyForDeploymentPostprocessing = 0;
		};
/* End PBXSourcesBuildPhase section */

/* Begin PBXVariantGroup section */
		0E26633E284EEBAC00958370 /* Main.storyboard */ = {
			isa = PBXVariantGroup;
			children = (
				0E26633F284EEBAC00958370 /* Base */,
			);
			name = Main.storyboard;
			sourceTree = "<group>";
		};
		0E266343284EEBAD00958370 /* LaunchScreen.storyboard */ = {
			isa = PBXVariantGroup;
			children = (
				0E266344284EEBAD00958370 /* Base */,
			);
			name = LaunchScreen.storyboard;
			sourceTree = "<group>";
		};
/* End PBXVariantGroup section */

/* Begin XCBuildConfiguration section */
		0E266347284EEBAD00958370 /* Debug */ = {
			isa = XCBuildConfiguration;
			buildSettings = {
				ALWAYS_SEARCH_USER_PATHS = NO;
				CLANG_ANALYZER_NONNULL = YES;
				CLANG_ANALYZER_NUMBER_OBJECT_CONVERSION = YES_AGGRESSIVE;
				CLANG_CXX_LANGUAGE_STANDARD = "gnu++17";
				CLANG_ENABLE_MODULES = YES;
				CLANG_ENABLE_OBJC_ARC = YES;
				CLANG_ENABLE_OBJC_WEAK = YES;
				CLANG_WARN_BLOCK_CAPTURE_AUTORELEASING = YES;
				CLANG_WARN_BOOL_CONVERSION = YES;
				CLANG_WARN_COMMA = YES;
				CLANG_WARN_CONSTANT_CONVERSION = YES;
				CLANG_WARN_DEPRECATED_OBJC_IMPLEMENTATIONS = YES;
				CLANG_WARN_DIRECT_OBJC_ISA_USAGE = YES_ERROR;
				CLANG_WARN_DOCUMENTATION_COMMENTS = YES;
				CLANG_WARN_EMPTY_BODY = YES;
				CLANG_WARN_ENUM_CONVERSION = YES;
				CLANG_WARN_INFINITE_RECURSION = YES;
				CLANG_WARN_INT_CONVERSION = YES;
				CLANG_WARN_NON_LITERAL_NULL_CONVERSION = YES;
				CLANG_WARN_OBJC_IMPLICIT_RETAIN_SELF = YES;
				CLANG_WARN_OBJC_LITERAL_CONVERSION = YES;
				CLANG_WARN_OBJC_ROOT_CLASS = YES_ERROR;
				CLANG_WARN_QUOTED_INCLUDE_IN_FRAMEWORK_HEADER = YES;
				CLANG_WARN_RANGE_LOOP_ANALYSIS = YES;
				CLANG_WARN_STRICT_PROTOTYPES = YES;
				CLANG_WARN_SUSPICIOUS_MOVE = YES;
				CLANG_WARN_UNGUARDED_AVAILABILITY = YES_AGGRESSIVE;
				CLANG_WARN_UNREACHABLE_CODE = YES;
				CLANG_WARN__DUPLICATE_METHOD_MATCH = YES;
				COPY_PHASE_STRIP = NO;
				DEBUG_INFORMATION_FORMAT = dwarf;
				ENABLE_STRICT_OBJC_MSGSEND = YES;
				ENABLE_TESTABILITY = YES;
				GCC_C_LANGUAGE_STANDARD = gnu11;
				GCC_DYNAMIC_NO_PIC = NO;
				GCC_NO_COMMON_BLOCKS = YES;
				GCC_OPTIMIZATION_LEVEL = 0;
				GCC_PREPROCESSOR_DEFINITIONS = (
					"DEBUG=1",
					"$(inherited)",
				);
				GCC_WARN_64_TO_32_BIT_CONVERSION = YES;
				GCC_WARN_ABOUT_RETURN_TYPE = YES_ERROR;
				GCC_WARN_UNDECLARED_SELECTOR = YES;
				GCC_WARN_UNINITIALIZED_AUTOS = YES_AGGRESSIVE;
				GCC_WARN_UNUSED_FUNCTION = YES;
				GCC_WARN_UNUSED_VARIABLE = YES;
				IPHONEOS_DEPLOYMENT_TARGET = 15.5;
				MTL_ENABLE_DEBUG_INFO = INCLUDE_SOURCE;
				MTL_FAST_MATH = YES;
				ONLY_ACTIVE_ARCH = YES;
				SDKROOT = iphoneos;
				SWIFT_ACTIVE_COMPILATION_CONDITIONS = DEBUG;
				SWIFT_OPTIMIZATION_LEVEL = "-Onone";
			};
			name = Debug;
		};
		0E266348284EEBAD00958370 /* Release */ = {
			isa = XCBuildConfiguration;
			buildSettings = {
				ALWAYS_SEARCH_USER_PATHS = NO;
				CLANG_ANALYZER_NONNULL = YES;
				CLANG_ANALYZER_NUMBER_OBJECT_CONVERSION = YES_AGGRESSIVE;
				CLANG_CXX_LANGUAGE_STANDARD = "gnu++17";
				CLANG_ENABLE_MODULES = YES;
				CLANG_ENABLE_OBJC_ARC = YES;
				CLANG_ENABLE_OBJC_WEAK = YES;
				CLANG_WARN_BLOCK_CAPTURE_AUTORELEASING = YES;
				CLANG_WARN_BOOL_CONVERSION = YES;
				CLANG_WARN_COMMA = YES;
				CLANG_WARN_CONSTANT_CONVERSION = YES;
				CLANG_WARN_DEPRECATED_OBJC_IMPLEMENTATIONS = YES;
				CLANG_WARN_DIRECT_OBJC_ISA_USAGE = YES_ERROR;
				CLANG_WARN_DOCUMENTATION_COMMENTS = YES;
				CLANG_WARN_EMPTY_BODY = YES;
				CLANG_WARN_ENUM_CONVERSION = YES;
				CLANG_WARN_INFINITE_RECURSION = YES;
				CLANG_WARN_INT_CONVERSION = YES;
				CLANG_WARN_NON_LITERAL_NULL_CONVERSION = YES;
				CLANG_WARN_OBJC_IMPLICIT_RETAIN_SELF = YES;
				CLANG_WARN_OBJC_LITERAL_CONVERSION = YES;
				CLANG_WARN_OBJC_ROOT_CLASS = YES_ERROR;
				CLANG_WARN_QUOTED_INCLUDE_IN_FRAMEWORK_HEADER = YES;
				CLANG_WARN_RANGE_LOOP_ANALYSIS = YES;
				CLANG_WARN_STRICT_PROTOTYPES = YES;
				CLANG_WARN_SUSPICIOUS_MOVE = YES;
				CLANG_WARN_UNGUARDED_AVAILABILITY = YES_AGGRESSIVE;
				CLANG_WARN_UNREACHABLE_CODE = YES;
				CLANG_WARN__DUPLICATE_METHOD_MATCH = YES;
				COPY_PHASE_STRIP = NO;
				DEBUG_INFORMATION_FORMAT = "dwarf-with-dsym";
				ENABLE_NS_ASSERTIONS = NO;
				ENABLE_STRICT_OBJC_MSGSEND = YES;
				GCC_C_LANGUAGE_STANDARD = gnu11;
				GCC_NO_COMMON_BLOCKS = YES;
				GCC_WARN_64_TO_32_BIT_CONVERSION = YES;
				GCC_WARN_ABOUT_RETURN_TYPE = YES_ERROR;
				GCC_WARN_UNDECLARED_SELECTOR = YES;
				GCC_WARN_UNINITIALIZED_AUTOS = YES_AGGRESSIVE;
				GCC_WARN_UNUSED_FUNCTION = YES;
				GCC_WARN_UNUSED_VARIABLE = YES;
				IPHONEOS_DEPLOYMENT_TARGET = 15.5;
				MTL_ENABLE_DEBUG_INFO = NO;
				MTL_FAST_MATH = YES;
				SDKROOT = iphoneos;
				SWIFT_COMPILATION_MODE = wholemodule;
				SWIFT_OPTIMIZATION_LEVEL = "-O";
				VALIDATE_PRODUCT = YES;
			};
			name = Release;
		};
		0E26634A284EEBAD00958370 /* Debug */ = {
			isa = XCBuildConfiguration;
			buildSettings = {
				ASSETCATALOG_COMPILER_APPICON_NAME = AppIcon;
				ASSETCATALOG_COMPILER_GLOBAL_ACCENT_COLOR_NAME = AccentColor;
				CODE_SIGN_STYLE = Automatic;
				CURRENT_PROJECT_VERSION = 1;
				DEVELOPMENT_TEAM = L7SMRXB5WV;
				GENERATE_INFOPLIST_FILE = YES;
				INFOPLIST_FILE = MC2/Info.plist;
				INFOPLIST_KEY_CFBundleDisplayName = Sprout;
				INFOPLIST_KEY_UIApplicationSupportsIndirectInputEvents = YES;
				INFOPLIST_KEY_UILaunchStoryboardName = LaunchScreen;
				INFOPLIST_KEY_UIMainStoryboardFile = Main;
				INFOPLIST_KEY_UISupportedInterfaceOrientations = UIInterfaceOrientationPortrait;
				INFOPLIST_KEY_UISupportedInterfaceOrientations_iPad = "UIInterfaceOrientationPortrait UIInterfaceOrientationPortraitUpsideDown UIInterfaceOrientationLandscapeLeft UIInterfaceOrientationLandscapeRight";
				INFOPLIST_KEY_UISupportedInterfaceOrientations_iPhone = "UIInterfaceOrientationPortrait UIInterfaceOrientationLandscapeLeft UIInterfaceOrientationLandscapeRight";
				LD_RUNPATH_SEARCH_PATHS = (
					"$(inherited)",
					"@executable_path/Frameworks",
				);
				MARKETING_VERSION = 1.0;
				PRODUCT_BUNDLE_IDENTIFIER = com.academyc5.MC2;
				PRODUCT_NAME = "$(TARGET_NAME)";
				SWIFT_EMIT_LOC_STRINGS = YES;
				SWIFT_VERSION = 5.0;
				TARGETED_DEVICE_FAMILY = 1;
			};
			name = Debug;
		};
		0E26634B284EEBAD00958370 /* Release */ = {
			isa = XCBuildConfiguration;
			buildSettings = {
				ASSETCATALOG_COMPILER_APPICON_NAME = AppIcon;
				ASSETCATALOG_COMPILER_GLOBAL_ACCENT_COLOR_NAME = AccentColor;
				CODE_SIGN_STYLE = Automatic;
				CURRENT_PROJECT_VERSION = 1;
				DEVELOPMENT_TEAM = L7SMRXB5WV;
				GENERATE_INFOPLIST_FILE = YES;
				INFOPLIST_FILE = MC2/Info.plist;
				INFOPLIST_KEY_CFBundleDisplayName = Sprout;
				INFOPLIST_KEY_UIApplicationSupportsIndirectInputEvents = YES;
				INFOPLIST_KEY_UILaunchStoryboardName = LaunchScreen;
				INFOPLIST_KEY_UIMainStoryboardFile = Main;
				INFOPLIST_KEY_UISupportedInterfaceOrientations = UIInterfaceOrientationPortrait;
				INFOPLIST_KEY_UISupportedInterfaceOrientations_iPad = "UIInterfaceOrientationPortrait UIInterfaceOrientationPortraitUpsideDown UIInterfaceOrientationLandscapeLeft UIInterfaceOrientationLandscapeRight";
				INFOPLIST_KEY_UISupportedInterfaceOrientations_iPhone = "UIInterfaceOrientationPortrait UIInterfaceOrientationLandscapeLeft UIInterfaceOrientationLandscapeRight";
				LD_RUNPATH_SEARCH_PATHS = (
					"$(inherited)",
					"@executable_path/Frameworks",
				);
				MARKETING_VERSION = 1.0;
				PRODUCT_BUNDLE_IDENTIFIER = com.academyc5.MC2;
				PRODUCT_NAME = "$(TARGET_NAME)";
				SWIFT_EMIT_LOC_STRINGS = YES;
				SWIFT_VERSION = 5.0;
				TARGETED_DEVICE_FAMILY = 1;
			};
			name = Release;
		};
/* End XCBuildConfiguration section */

/* Begin XCConfigurationList section */
		0E266330284EEBAC00958370 /* Build configuration list for PBXProject "MC2" */ = {
			isa = XCConfigurationList;
			buildConfigurations = (
				0E266347284EEBAD00958370 /* Debug */,
				0E266348284EEBAD00958370 /* Release */,
			);
			defaultConfigurationIsVisible = 0;
			defaultConfigurationName = Release;
		};
		0E266349284EEBAD00958370 /* Build configuration list for PBXNativeTarget "MC2" */ = {
			isa = XCConfigurationList;
			buildConfigurations = (
				0E26634A284EEBAD00958370 /* Debug */,
				0E26634B284EEBAD00958370 /* Release */,
			);
			defaultConfigurationIsVisible = 0;
			defaultConfigurationName = Release;
		};
/* End XCConfigurationList section */

/* Begin XCRemoteSwiftPackageReference section */
		834D62A1285C35A500F6F3C8 /* XCRemoteSwiftPackageReference "firebase-ios-sdk" */ = {
			isa = XCRemoteSwiftPackageReference;
			repositoryURL = "https://github.com/firebase/firebase-ios-sdk";
			requirement = {
				kind = upToNextMajorVersion;
				minimumVersion = 9.0.0;
			};
		};
/* End XCRemoteSwiftPackageReference section */

/* Begin XCSwiftPackageProductDependency section */
		834D62A2285C35A500F6F3C8 /* FirebaseAuth */ = {
			isa = XCSwiftPackageProductDependency;
			package = 834D62A1285C35A500F6F3C8 /* XCRemoteSwiftPackageReference "firebase-ios-sdk" */;
			productName = FirebaseAuth;
		};
		834D62A4285C35A500F6F3C8 /* FirebaseDatabase */ = {
			isa = XCSwiftPackageProductDependency;
			package = 834D62A1285C35A500F6F3C8 /* XCRemoteSwiftPackageReference "firebase-ios-sdk" */;
			productName = FirebaseDatabase;
		};
		834D62A6285C35A500F6F3C8 /* FirebaseFirestore */ = {
			isa = XCSwiftPackageProductDependency;
			package = 834D62A1285C35A500F6F3C8 /* XCRemoteSwiftPackageReference "firebase-ios-sdk" */;
			productName = FirebaseFirestore;
		};
		834D62A8285C35A500F6F3C8 /* FirebaseStorage */ = {
			isa = XCSwiftPackageProductDependency;
			package = 834D62A1285C35A500F6F3C8 /* XCRemoteSwiftPackageReference "firebase-ios-sdk" */;
			productName = FirebaseStorage;
		};
/* End XCSwiftPackageProductDependency section */
	};
	rootObject = 0E26632D284EEBAC00958370 /* Project object */;
}
